# THIS IS AN AUTOGENERATED FILE. DO NOT EDIT THIS FILE DIRECTLY.
assets/_apps.scss:
  development: 2017-11-20T11:33:13+01:00   042802fb9d2c8701ef3569aea668824d
assets/_basic.scss:
  development: 2017-11-20T11:33:13+01:00   a5620be503f303017b1af57e32e95615
assets/_forms.scss:
  development: 2017-11-20T11:33:13+01:00   6a9df0ebb71063e0e07f4f1fb9c57f1d
assets/_grid.scss:
  development: 2017-11-20T11:33:13+01:00   c6cf87517210499e41bf66e1da57ed54
assets/_helpers.scss:
  development: 2017-11-20T11:33:13+01:00   9b34a220711b88aab591717b66caff12
assets/_icons.scss:
  development: 2017-11-20T11:33:13+01:00   ed87ca8bc1eb9c890e755f29cbc56a8e
assets/_mixins.scss:
  development: 2017-11-20T11:33:14+01:00   3f569a47201b4db7520c94d8e438e365
assets/_normalize.scss:
  development: 2017-11-20T11:33:14+01:00   17035764e225f5403ea4bc0a420866df
assets/_typography.scss:
  development: 2017-11-20T11:33:14+01:00   f7de585e2bdcb79222c59909081eb53e
assets/BLACK-Week-English.png:
  development: 2017-11-20T11:59:30+01:00   38528bbd134fd258f6d52a7259018b0f
assets/Christmas-Deals-English.png:
  development: 2017-11-20T11:33:13+01:00   7ed5bdbd2835b7fd405e31e035114cca
assets/ajax-cart.js.liquid:
  development: 2017-11-20T11:33:14+01:00   fd51161f884dfc47ac42889fa38a8f53
assets/ajax-loader.gif:
  development: 2017-11-20T11:33:14+01:00   deca8b0ecd6974227d157b6d7068995d
assets/banner-placeholder.png:
  development: 2017-11-20T11:33:14+01:00   0ea52ac090e73acf9f0c5a391d1f98a1
assets/blank-collection-1.png:
  development: 2017-11-20T11:33:14+01:00   858699d0639d51cf54582b15a737e037
assets/blank-collection-2.png:
  development: 2017-11-20T11:33:14+01:00   9f0825deba0b8e3055fcb6e326d8aa21
assets/blank-collection-3.png:
  development: 2017-11-20T11:33:14+01:00   20f7b6bd3cfae1e644850c243e1cb771
assets/blank-image-1.png:
  development: 2017-11-20T11:33:15+01:00   51a2d4c8248b9c3a0dbc83b73106abfd
assets/blank-image-2.png:
  development: 2017-11-20T11:33:15+01:00   d1a427bd93385f783b318a8837fa7a69
assets/blank-logo.png:
  development: 2017-11-20T11:33:15+01:00   d6257f75cdcdc7efba7a9c95586d818a
assets/blank-product-big.png:
  development: 2017-11-20T11:33:15+01:00   05fcdccf712b0e0b53345852b7b39de3
assets/blank-product-thumb.png:
  development: 2017-11-20T11:33:15+01:00   caaad8ed467a71e40691322e3719517e
assets/blank-product.png:
  development: 2017-11-20T11:33:15+01:00   982c28bc5c7cabf1d31afab79f8ef613
assets/blank-testimonial-image.png:
  development: 2017-11-20T11:33:15+01:00   281c0f9ecb8918b9f40c362fb711877c
assets/cart_banner_bg.jpg:
  development: 2017-11-20T11:33:15+01:00   d0009add52304bbe642ec8d5191ed679
assets/cart_left_image.png:
  development: 2017-11-20T11:33:15+01:00   37b0a6bf86bf06ecf48cb62709bee403
assets/cart_right_image.png:
  development: 2017-11-20T11:33:15+01:00   a294058b8a9dba6c9f83883729aada3c
assets/cart_trust_icons.jpg:
  development: 2017-11-20T11:33:15+01:00   f255f16f2cb25ac7eb85bb707377ad43
assets/checkout-icon.png:
  development: 2018-01-04T06:26:23+01:00   307c80c8bd3de008b709b9b715e37820
assets/demo-slide-1.svg:
  development: 2017-11-20T11:33:16+01:00   72fd3b3590c6d4670274437451bcc62b
assets/demo-slide-2.svg:
  development: 2017-11-20T11:33:16+01:00   1c4ebd694116fb20074f8c123e2bde85
assets/explode-med.gif:
  development: 2017-11-20T11:33:16+01:00   d4114ff0a1ecbde885b859b8603d7458
assets/fake-like-btn.png:
  development: 2017-11-20T11:33:16+01:00   c166f3516083a64033f1f8967810af79
assets/fake-share-btn.png:
  development: 2017-11-20T11:33:16+01:00   d446d579d6bff6a0ff703d28a92c42fc
assets/fancybox-blank.gif:
  development: 2017-11-20T11:33:16+01:00   325472601571f31e1bf00674c368d335
assets/fancybox_loading.gif:
  development: 2017-11-20T11:33:16+01:00   1273a9523e41e24abfd059260a348b99
assets/fancybox_sprite.png:
  development: 2017-11-20T11:33:16+01:00   963fe8db121864f5848ee5ea4a8120f9
assets/gift-card.scss.liquid:
  development: 2017-11-20T11:33:17+01:00   74650db438238780b78496bc7add4761
assets/handlebars.min.js:
  development: 2017-11-20T11:33:17+01:00   b3c11508a224ee83f86e2fc6491e9751
assets/ico-select-alt.svg.liquid:
  development: 2017-11-20T11:33:17+01:00   d4a70e3aa8f4f34a2529eba3d91e9db3
assets/ico-select.svg.liquid:
  development: 2017-11-20T11:33:17+01:00   9a41efacd865db47e0d47c2974145ae3
assets/icon-badge-dark.png:
  development: 2017-11-20T11:33:17+01:00   1f5912879d9c327d06b7ec144615b25e
assets/icon-badge-dark@2x.png:
  development: 2017-11-20T11:33:17+01:00   74e5629f4cd2f5ea0022318f81f1f362
assets/icon-badge.png:
  development: 2017-11-20T11:33:17+01:00   27d5929474105f954ecb3f3eac852b37
assets/icon-badge@2x.png:
  development: 2017-11-20T11:33:17+01:00   3d1314e034d7888c538e0111b64caafe
assets/icon-facebook.png:
  development: 2017-11-20T11:33:17+01:00   6210243997323d44fef7b1c625e23208
assets/icon-gplus.png:
  development: 2017-11-20T11:33:18+01:00   9f365bc28c11b693c7374aac970fdc86
assets/icon-pinterest.png:
  development: 2017-11-20T11:33:18+01:00   1945331d86d3ecc2d47368c130620fe1
assets/icon-plane-dark.png:
  development: 2017-11-20T11:33:18+01:00   d42ca17f1cff821120c59c8d368c8d2c
assets/icon-plane-dark@2x.png:
  development: 2017-11-20T11:33:18+01:00   2a21bb1c8713f7772b32e6c60f97a55d
assets/icon-plane.png:
  development: 2017-11-20T11:33:18+01:00   c59d3860d1752808767c7e15626aff56
assets/icon-plane@2x.png:
  development: 2017-11-20T11:33:18+01:00   3b3d50a1d969a9abb5cf5d45ffbe8d6b
assets/icon-shield-dark.png:
  development: 2017-11-20T11:33:18+01:00   2cbaaf7c1bd8365e4e455d343fcc98b8
assets/icon-shield-dark@2x.png:
  development: 2017-11-20T11:33:18+01:00   719333da2ffeee6dbcb8a755c745c3b4
assets/icon-shield.png:
  development: 2017-11-20T11:33:19+01:00   6660cb02ef9f3a8b212912fbe2ffb309
assets/icon-shield@2x.png:
  development: 2017-11-20T11:33:19+01:00   1a82979fb2b664359ebfa1c2d8e2f94e
assets/icon-truck-dark.png:
  development: 2017-11-20T11:33:19+01:00   dc7291ef6a404127b7bcd2ebbff82162
assets/icon-truck-dark@2x.png:
  development: 2017-11-20T11:33:19+01:00   209383047006b38f853e133b656e625a
assets/icon-truck.png:
  development: 2017-11-20T11:33:19+01:00   69a132afb98cdec932675442195c4e11
assets/icon-truck@2x.png:
  development: 2017-11-20T11:33:19+01:00   e97fcdf614b867036c48a0817b26bf00
assets/icon-twitter.png:
  development: 2017-11-20T11:33:19+01:00   2a481adfa8ff73ae3a0df780d402ffa9
assets/icons.eot:
  development: 2017-11-20T11:33:19+01:00   0775780607224fc248af6aa3117c2460
assets/icons.json:
  development: 2017-11-20T11:33:19+01:00   0dc7f46784ed503d50f6b6d151ee672a
assets/icons.svg:
  development: 2017-11-20T11:33:20+01:00   1784e78b058bd1bde04de714d19e024d
assets/icons.ttf:
  development: 2017-11-20T11:33:20+01:00   b7703ac2fe07d69f81dfefd79d1dae97
assets/icons.woff:
  development: 2017-11-20T11:33:20+01:00   6cd3172fd71d794341d877fdcb104bff
assets/jquery-accordion.css:
  development: 2017-11-20T11:33:20+01:00   0efde26cff8ea7fb8369612dbb0e3930
assets/jquery.cart.min.js:
  development: 2017-11-20T11:33:20+01:00   9f895b5c4096dfa11c83d04d8f7c04f7
assets/jquery.countdownTimer_2hours.js:
  development: 2017-11-20T11:33:20+01:00   835245e00a08f9b1c20cd0854b5fb70d
assets/jquery.currencies.min.js:
  development: 2017-11-20T11:33:20+01:00   fbda3f892f5bfe99013e90c545ecef31
assets/jquery.fancybox.min.css:
  development: 2017-11-20T11:33:20+01:00   b505c879205ce206538009d87fc16c8d
assets/jquery_accordion.js:
  development: 2017-11-20T11:33:21+01:00   a2af41c2449301896539610c4b57e86f
assets/like.png:
  development: 2018-01-04T06:26:59+01:00   a9ee2196d7999e455955aec6b46f3986
assets/loader.js:
  development: 2017-11-20T11:33:21+01:00   0000386354c0d6867d3723f007309321
assets/magnific-popup.js:
  development: 2017-11-20T11:33:21+01:00   049f6e86c0d95422346c4bacfa593eb3
assets/modernizr.custom.js:
  development: 2017-11-20T11:33:21+01:00   38a100f4b131fe91ac3cc9a05747f3d9
assets/modernizr.min.js:
  development: 2017-11-20T11:33:21+01:00   0345762cbcc732e12d761bd905ec57e3
assets/password-page-background.jpg:
  development: 2017-11-20T11:33:21+01:00   4d5821272f875e5c11dd3a8c8e1d6133
assets/payment-icons-cart.png:
  development: 2017-12-12T09:37:50+01:00   caa22b42fc5100d02ba9c4602ea97bf8
assets/plane-gold.png:
  development: 2017-11-20T11:33:21+01:00   a1d8bc1a8618d9895b2bdcffa163f566
assets/prod-icons.png:
  development: 2017-11-20T11:33:21+01:00   d7ae83923625c1864b3626e84ef14900
assets/product_detail_img.png:
  development: 2017-11-20T11:33:22+01:00   2cb8bbf573b08483f1484835b4ed2182
assets/qualite-gold.png:
  development: 2017-11-20T11:33:22+01:00   a14c9da8e97db6d41528dec98ddec0e2
assets/quotation.png:
  development: 2017-11-20T11:33:22+01:00   60056a563be73ed1e540a7369fc50553
assets/respond-proxy.html:
  development: 2017-11-20T11:33:22+01:00   48a2f4c318a6f7b29499c2e9f5b9083f
assets/respond.min.js:
  development: 2017-11-20T11:33:22+01:00   a2684e9b8fa50d6d11c56a9ada068528
assets/retours-gold.png:
  development: 2017-11-20T11:33:22+01:00   db8fe850857ac0b0977eab28baf3bb9e
assets/secure.png:
  development: 2018-01-04T06:26:50+01:00   dbd1dc3f0f306c98ff0ec79aa81d15d5
assets/shipping.png:
  development: 2018-01-04T06:26:33+01:00   962a29de3200640a4f32c59ef2bad73e
assets/smiley.png:
  development: 2018-01-04T06:26:43+01:00   2bf2975cfb0f97182415f0daf076d51d
assets/social-icons-sprite.png:
  development: 2017-11-20T11:33:22+01:00   03fa2612c8c057444749f51bf55e26cd
assets/star_icon_img.png:
  development: 2017-11-20T11:33:22+01:00   b12f87183bba04fefdf240aa179011fd
assets/sweetalert2.min.css:
  development: 2017-11-20T11:33:22+01:00   934136823160be80ebb28b63a39b77ea
assets/testi_bg_img.jpg:
  development: 2017-11-20T11:33:22+01:00   4e9ab04b5f9edfec8ecf6dc3ab53c0e5
assets/theme-debug.js.liquid:
  development: 2017-11-20T11:33:23+01:00   f4b2e6b3d62c6bcfa7f04abb2b7df876
assets/theme.js.liquid:
  development: 2017-11-20T11:33:23+01:00   9b06767821bc94096b8eb37a80012c06
assets/theme.scss.liquid:
  development: 2017-11-20T11:33:23+01:00   7328e79b876391ee1617556482f2edde
assets/uk-product.png:
  development: 2017-11-20T11:33:23+01:00   837b7f77298696aa3a37131f30c648e6
assets/vendor.js:
  development: 2017-11-20T11:33:23+01:00   8097543f0187e45d151aca1683337485
assets/warranty-gold.png:
  development: 2017-11-20T11:33:23+01:00   71b5c086448ad5610a0de9895f1ce658
assets/wc-style.css.liquid:
  development: 2017-12-12T09:37:57+01:00   dc232fac271c02c758dbbaa3574e60eb
config/settings_data.json:
  development: 2018-02-01T11:50:58+01:00   52cf838b6ecce8c34daaba8159768536
config/settings_schema.json:
  development: 2017-11-20T11:33:25+01:00   2e9960442c1a1e21b4f961b69665ee99
layout/checkout.liquid:
  development: 2018-01-09T07:52:19+01:00   4f6f1f2ec6b6211f03614b8159af2ef4
layout/password.liquid:
  development: 2017-12-15T14:41:33+01:00   8d0385226f963d537879d09ee7a087a2
layout/theme.liquid:
  development: 2018-02-01T12:02:54+01:00   3bb6b77e4a6a1064c75698b9f2944c5b
layout/theme_BackupCopyCartHookCheckout.liquid:
  development: 2018-02-01T12:02:53+01:00   c75812a0f0ad2378bcbf1a30132ec0be
locales/de.json:
  development: 2017-11-20T11:33:23+01:00   ad0c893e507fae78fdede3dd365b483e
locales/en.default.json:
  development: 2018-01-15T17:58:44+01:00   7677a1d3f5c9ec3d2e04c3712c209a18
locales/es.json:
  development: 2017-11-20T11:33:23+01:00   43815c24cca3186a35bbba8ff05b009c
locales/fr.json:
  development: 2017-11-20T11:33:24+01:00   52672f553d38a59b374a8d757ddb75fc
locales/nl.json:
  development: 2017-11-20T11:33:24+01:00   c00caf824897d5c3001501f65aa90668
locales/pt-BR.json:
  development: 2017-11-20T11:33:24+01:00   189c1674d5d30dc757304a1d90f716ce
locales/pt-PT.json:
  development: 2017-11-20T11:33:24+01:00   b58e4685006774cefcdbc5961c23ebe1
sections/article-template.liquid:
  development: 2017-11-20T11:33:12+01:00   4f5dc7d5e3c1a274461cefcfc709ef34
sections/blog-template.liquid:
  development: 2017-11-20T11:33:12+01:00   cb26539efe0d98b8169e6b0bb56d6949
sections/cart-template.liquid:
  development: 2018-01-04T06:41:20+01:00   7a9f2be1225593e9fab1184c0c858ea7
sections/collection-template.liquid:
  development: 2017-11-29T05:33:24+01:00   ceba7f30c5ae3169a98a24c46ec520f9
sections/contact-page-template.liquid:
  development: 2017-11-20T11:33:12+01:00   1b425e50471ea33da194ac6bb8711118
sections/custom-content.liquid:
  development: 2017-11-20T11:33:12+01:00   6b3137023bb072c888a4159a31da0d71
sections/featured-collection.liquid:
  development: 2017-12-01T06:17:13+01:00   e79004012de7876b5b59f01ba86d3419
sections/featured-collections.liquid:
  development: 2017-11-20T11:33:12+01:00   27de36c0c58cad7aed424a6119f925d7
sections/featured-product.liquid:
  development: 2017-11-29T05:33:21+01:00   558422e05c00df7618fc56fd0581ca26
sections/featured-products.liquid:
  development: 2017-12-01T06:03:47+01:00   ed6f884a4e3b2920c3341ace69e29fa5
sections/footer.liquid:
  development: 2017-11-20T11:33:12+01:00   6fd7cc03c5616fb6e20f550f092727e6
sections/header.liquid:
  development: 2017-11-20T11:33:12+01:00   a4c5e2373be04b346e0b6eb30868ad08
sections/icon-list.liquid:
  development: 2017-11-20T11:33:12+01:00   ee20aa9dcb6925f868faa51fa2df4145
sections/logos.liquid:
  development: 2017-11-20T11:33:12+01:00   0619a99c8f213b1d450ef30fcc75f620
sections/map.liquid:
  development: 2017-11-20T11:33:12+01:00   250239379390ef7383bdffb4ef0a90ec
sections/newsletter.liquid:
  development: 2017-11-20T11:33:12+01:00   7a576bd94c032e9b3dcc27dfd9a6c3fa
sections/page-constructor-2.liquid:
  development: 2017-11-20T11:33:12+01:00   3287c62c367aa9bb2f474129ece93069
sections/page-constructor-3.liquid:
  development: 2017-11-20T11:33:12+01:00   224a7706812bbc47760553d8c4868a8e
sections/page-constructor-4.liquid:
  development: 2017-11-20T11:33:12+01:00   94d06061d2b14779d3cc73516980cae3
sections/page-constructor-5.liquid:
  development: 2017-11-20T11:33:12+01:00   bfea8337e1bb2232f564ea50bb14bf16
sections/page-constructor.liquid:
  development: 2017-11-20T11:33:12+01:00   62c337c04340e7dee145215265079318
sections/page-narrow-template.liquid:
  development: 2017-11-20T11:33:12+01:00   ab5c2746b94f550f93e071c725ca6ce5
sections/page-sidebar-template.liquid:
  development: 2017-11-20T11:33:12+01:00   515a3479d8f0128a6bf46b7c93cc8dbc
sections/page-template.liquid:
  development: 2017-11-20T11:33:12+01:00   90a3743a77be0ea9247c0a93911ee1ec
sections/password-content.liquid:
  development: 2017-11-20T11:33:12+01:00   1a889a3b97babe2044596eb3135af3a1
sections/password-header.liquid:
  development: 2017-11-20T11:33:12+01:00   f8164d1ab95060b272235e7aaabd16be
sections/product-template.liquid:
  development: 2017-11-29T10:41:48+01:00   d2a9eaa61adb3a2bfa0871d1bdf5364c
sections/separator.liquid:
  development: 2017-11-20T11:33:13+01:00   42b1cbd80a01ddd115c97e5ce4687bcf
sections/slideshow.liquid:
  development: 2017-11-20T11:33:13+01:00   090bb9f7783f972d2bfd42380e27f0c1
sections/test.liquid:
  development: 2017-11-20T11:33:13+01:00   bb667e165a19eef0f4f7693de3933732
sections/testimonials.liquid:
  development: 2017-11-20T11:33:13+01:00   5b761fe3b4b5841cdb3e6726877d1881
sections/topbar.liquid:
  development: 2017-11-20T11:43:59+01:00   ab5227f66ed6af6aca814edf9fefd8d1
snippets/blank-featured-product.liquid:
  development: 2017-11-29T05:33:22+01:00   a9907d4dc644c284b24f5d2d77c90c44
snippets/blank-product-card.liquid:
  development: 2017-11-29T05:33:22+01:00   1eaec5cf6c96c6ae4b316027476337d1
snippets/bold-memberships-addtocart.liquid:
  development: 2017-11-20T11:33:24+01:00   e2bcb859e1648b6e7b770bfb3bab2357
snippets/bold-memberships-article.liquid:
  development: 2017-11-20T11:33:24+01:00   3d5325e7c6c5b2e78e422ca32182217d
snippets/bold-memberships-blog.liquid:
  development: 2017-11-20T11:33:24+01:00   700a18e8084867c5e83e10c78571d80e
snippets/bold-memberships-collection.liquid:
  development: 2017-11-20T11:33:24+01:00   1d0e56671a0e3ebcfc707e5e6a0400e8
snippets/bold-memberships-noaccess-prime-test.liquid:
  development: 2017-11-20T11:33:24+01:00   a5b532c697042a9bdfdb68dfd63692d9
snippets/bold-memberships-page.liquid:
  development: 2017-11-20T11:33:24+01:00   9c0ac9a7afa1384f1f317216f89edfdc
snippets/bold-memberships-price.liquid:
  development: 2017-11-20T11:33:24+01:00   c293ff233b459268b3e0dbfd039b831a
snippets/bold-memberships-product.liquid:
  development: 2017-11-20T11:33:24+01:00   b204c3a9566b9e1a2e1647ca1cf761bb
snippets/bold-memberships-salt.liquid:
  development: 2017-11-20T11:33:24+01:00   8cb8e6464f7c8db4f67866c33029fbb8
snippets/bold-memberships-template.liquid:
  development: 2017-11-20T11:33:24+01:00   5d5b7cf0d67b911098ff234e2ecc5c0d
snippets/bold-product.liquid:
  development: 2017-11-29T05:33:25+01:00   3989c41f82d7a9a92fef1d8f2a367122
snippets/bold-variant.liquid:
  development: 2017-11-29T05:33:25+01:00   cc5775289782460abf0deff824ebd76a
snippets/bold_mem_helper.liquid:
  development: 2017-11-20T11:33:24+01:00   7458d50ec6d88f6627afe6dae1eb2293
snippets/breadcrumb.liquid:
  development: 2017-11-20T11:33:24+01:00   ff2177cf7821e8698636fd64f50d095f
snippets/cart-drawer-modal.liquid:
  development: 2017-11-20T11:33:24+01:00   498e3d8ac55e159c8046c2a72f22cca4
snippets/cart-sticky-button.liquid:
  development: 2017-11-20T11:33:24+01:00   ae3946da75f774b62a3c3f92da5a5349
snippets/cart-widget.liquid:
  development: 2017-11-20T11:33:24+01:00   24a72c1bd1dba9662975387613ceb76c
snippets/carthook-checkout.liquid:
  development: 2018-02-01T12:02:54+01:00   c847c10fae393f8af907368ec7e028e5
snippets/collection-card.liquid:
  development: 2017-11-20T11:33:24+01:00   3b5aa3b5a608a58170cc88975a87afb5
snippets/collection-filter.liquid:
  development: 2017-11-20T11:33:24+01:00   7e6c678c631ebf3c37a7c9a01a798548
snippets/collection-filters-dropdown.liquid:
  development: 2017-11-20T11:33:24+01:00   54406c4ec2bfd2051fdd9f7bd2dac157
snippets/collection-menu-dropdown.liquid:
  development: 2017-11-20T11:33:24+01:00   41895fd003ee4e4db045b7b6596b7ecc
snippets/collection-menu.liquid:
  development: 2017-11-20T11:33:24+01:00   17ebb3b0447729b637cf60c83beac880
snippets/collection-sorting-dropdown.liquid:
  development: 2017-11-20T11:33:24+01:00   b051aa06690ad76289739fc0568c270a
snippets/collection-sorting.liquid:
  development: 2017-11-20T11:33:24+01:00   337170dfd0e158fc5bb69cc37ea8daeb
snippets/contact-form.liquid:
  development: 2017-11-20T11:33:24+01:00   6c2915e2bddfcef15e1be8b4d3d0027f
snippets/currencies.liquid:
  development: 2017-11-20T11:33:24+01:00   9e59abf1eef636f58f9c61e21ba3246d
snippets/currency-picker.liquid:
  development: 2017-11-20T11:33:24+01:00   0e5a0fd25bdf25f37fcd96dabbfe1096
snippets/deal-of-the-day-navbar-desktop.liquid:
  development: 2017-11-20T11:33:24+01:00   31d931ca26c7e7b80dfa3b506155b75c
snippets/deal-of-the-day-navbar-mobile.liquid:
  development: 2017-11-20T11:33:24+01:00   c69a1d81c8f28d46753f5e5f94e0c381
snippets/deal-of-the-day-product.liquid:
  development: 2017-11-20T11:33:24+01:00   843ea28e9daa03b17c95b0e8b815100e
snippets/desktop-nav-drawer.liquid:
  development: 2017-11-20T11:33:24+01:00   dae0d4c2a67ba8f82b5bbc09a20ba8ee
snippets/empty-collection-card.liquid:
  development: 2017-11-20T11:33:24+01:00   c2673c5f57d5e6181014d5308691f48b
snippets/facebook-buttons.liquid:
  development: 2017-11-20T11:33:24+01:00   11a75198c45bdb78c2c9117538256c1f
snippets/google-fonts.liquid:
  development: 2017-11-20T11:33:24+01:00   aae21216f93286bf1b627a14c79c06dc
snippets/horizontal-gallery.liquid:
  development: 2017-11-20T11:33:24+01:00   80758460b788cbad4f2101daab1bdf6c
snippets/icon-shopify-logo.liquid:
  development: 2017-11-20T11:33:24+01:00   3f0b70f9e01be5b25507d25a732ecde7
snippets/logo-desktop.liquid:
  development: 2017-11-20T11:33:24+01:00   cd98a624037613f88d8fb839e68816bf
snippets/logo-mobile.liquid:
  development: 2017-11-20T11:33:24+01:00   30ade0ea892c70fa836a1b0384e35f08
snippets/logo-text.liquid:
  development: 2017-11-20T11:33:24+01:00   d268842c69acac7178c2ea2bc8e62115
snippets/main-menu.liquid:
  development: 2017-11-20T11:33:24+01:00   6452b57df439911ab0f16bdeabded172
snippets/map.liquid:
  development: 2017-11-20T11:33:24+01:00   fac992fd23f187c70fea8ea6f4d285bb
snippets/mobile-nav.liquid:
  development: 2017-11-20T11:33:24+01:00   238419e25e68477a6bb0f2ec02a434b0
snippets/newsletter-form.liquid:
  development: 2017-11-20T11:33:24+01:00   657c98322cb7b7e4f88aa94c3306a68a
snippets/newsletter-modal.liquid:
  development: 2017-11-20T11:33:24+01:00   74f8e7270c0dc6d9daf6e3bca7efa561
snippets/oldIE-js.liquid:
  development: 2017-11-20T11:33:24+01:00   1197cc7109944206a600ed5caaef6a6f
snippets/page-constructor-blocks.liquid:
  development: 2017-11-20T11:33:24+01:00   c5eb05f14549d428b0dc58d25026958f
snippets/page-constructor-content.liquid:
  development: 2017-11-20T11:33:24+01:00   674bb6edf52244a268a52ea3c981b02d
snippets/page-sidebar.liquid:
  development: 2017-11-20T11:33:24+01:00   68bb0b08e2806cb8ee216debce7054c0
snippets/product-add-to-cart-bar.liquid:
  development: 2017-11-29T05:33:22+01:00   220d797c7264ea7ec6a7548cf5dce032
snippets/product-announcement-modal.liquid:
  development: 2017-11-29T05:33:22+01:00   b8ca2ddd7ff6ae3ed6c02c20d3220b80
snippets/product-banner.liquid:
  development: 2017-11-20T11:33:24+01:00   c78ba9a566938695eec73273ee582eb4
snippets/product-card-list.liquid:
  development: 2017-11-20T11:33:24+01:00   73ea8c1d8b0063261b8041d697607cdb
snippets/product-card.liquid:
  development: 2017-12-01T06:03:38+01:00   70b226955b800602327d1e36ad39d0a7
snippets/product-description-split.liquid:
  development: 2017-11-20T11:33:24+01:00   850d2db66917dd24fd981696719b9ce4
snippets/product-description.liquid:
  development: 2017-11-20T11:33:24+01:00   7d8e8b25b3d9ed694f4efc64da3f4153
snippets/product-gallery.liquid:
  development: 2017-11-20T11:33:24+01:00   c7cc530abed8345d77d8ba9f09f9fd04
snippets/product-icons.liquid:
  development: 2017-11-20T11:33:25+01:00   7758415472589e536eed5cf1eafb2a4e
snippets/product-meta.liquid:
  development: 2017-11-20T11:33:25+01:00   5082903bd66757492f42ac4bd36e0a42
snippets/product-option.liquid:
  development: 2017-11-29T05:33:23+01:00   bfa2e891641e607c6e59cfd175ff5dac
snippets/product-page-form.liquid:
  development: 2017-11-30T13:14:31+01:00   8762a80e063215495a1fb6223ed60cd4
snippets/product-page-info.liquid:
  development: 2017-11-29T05:33:23+01:00   e1a4adad4e4e574f8ff8086144ae36eb
snippets/product-page-price.liquid:
  development: 2017-11-29T05:33:23+01:00   3cbf886f5bef451aa37ffe82031e13b9
snippets/product-page-social.liquid:
  development: 2017-11-20T11:33:25+01:00   a8b5cf654bc4b4fc27e260a27d73917e
snippets/product-price.liquid:
  development: 2017-11-30T13:02:07+01:00   5085d91c411752b10452f22eb0838c4f
snippets/product-quantity-selector.liquid:
  development: 2017-11-20T11:33:25+01:00   c9a1d40004ebdc629873ece61aacc5d0
snippets/product-swatch.liquid:
  development: 2017-11-29T05:33:24+01:00   bbb0e1bbbca81417199a62654f3af25e
snippets/product-tab-content.liquid:
  development: 2017-11-20T11:33:25+01:00   5786b10c45b4718a26834c16ee43752c
snippets/product-tabs-content.liquid:
  development: 2017-11-20T11:33:25+01:00   c55b2840b451917cf2b5923261055184
snippets/product-tabs.liquid:
  development: 2017-11-20T11:33:25+01:00   7931b2d8c6efacb2ac1e7029965f020a
snippets/product-video-embed.liquid:
  development: 2017-11-20T11:33:25+01:00   806e58cf698176e67844b6720f41a313
snippets/related-products.liquid:
  development: 2017-11-29T05:33:24+01:00   c86500038c20de467a31c11484080d06
snippets/search-bar.liquid:
  development: 2017-11-20T11:33:25+01:00   783fe4a34fbacdc11bd9f9623d590f7d
snippets/shappify-qb-min-price.liquid:
  development: 2017-11-29T05:32:57+01:00   4526d0010689257e70e51f2c4a799828
snippets/shappify-qb-no-select.liquid:
  development: 2017-11-29T05:33:00+01:00   cf2660c66921d35717abb937ac31625f
snippets/shappify-select.liquid:
  development: 2017-11-29T05:33:02+01:00   894f7b92d52fc5575bb21601fdc75237
snippets/shipping-calculator.liquid:
  development: 2017-11-20T11:33:25+01:00   94a2921f092a7aa390e14ccd025c9e53
snippets/shipping-modal.liquid:
  development: 2017-11-20T11:33:25+01:00   1eb206b73d33307dbe0fbde99089b38c
snippets/social-icons-list.liquid:
  development: 2017-11-20T11:33:25+01:00   64ae04a1c69a588bae4eab646b228c62
snippets/social-meta-tags.liquid:
  development: 2017-11-20T11:33:25+01:00   1bf783d028c535495ebec541cfa7c950
snippets/social-sharing.liquid:
  development: 2017-11-20T11:33:25+01:00   6ce37d7f2814a10ed9b36ea3be691b65
snippets/splash-modals.liquid:
  development: 2017-11-20T11:33:25+01:00   83085a0b67468e4c99bc571163f77d42
snippets/subscription-cart-footer.liquid:
  development: 2017-11-20T11:33:25+01:00   e15461a3c789aeb9d5fa26c74bdd52ea
snippets/subscription-product.liquid:
  development: 2018-01-15T18:15:12+01:00   5639427df3266e5ad856ffa3d999f2bd
snippets/subscription-theme-footer.liquid:
  development: 2017-11-20T11:33:25+01:00   12b2680357a3f273b47c07d9baf7252f
snippets/svg-definitions.liquid:
  development: 2017-11-20T11:33:25+01:00   fe4fbc64d534e355fd8653de4ebac79a
snippets/upsellapp-theme.liquid:
  development: 2017-12-15T14:41:32+01:00   b7598191aaef53d8216ffb22b6c4ac26
snippets/vertical-gallery.liquid:
  development: 2017-11-20T11:33:25+01:00   19ccbd954daa1a3088534da9e41c4d37
templates/404.liquid:
  development: 2017-11-20T11:33:25+01:00   ba571d1839050d14c62ba32d0b60802f
templates/article.liquid:
  development: 2017-11-20T11:33:25+01:00   dbcc18293fbae5c382818d4aef070dd0
templates/blog.liquid:
  development: 2017-11-20T11:33:25+01:00   a6432db4e34f11d0b0830d613893dba7
templates/cart.liquid:
  development: 2017-11-20T11:33:25+01:00   d80af380ed923a17918f7ee93e24afd7
templates/collection.liquid:
  development: 2017-11-20T11:33:25+01:00   5cbce9fda42e90353acd63be49fbef49
templates/customers/account.liquid:
  development: 2017-11-20T11:33:25+01:00   12bee708bc7bc3f3ec0eb04755622134
templates/customers/activate_account.liquid:
  development: 2017-11-20T11:33:25+01:00   c462d6de038e6dc2676d932fb6b29288
templates/customers/addresses.liquid:
  development: 2017-11-20T11:33:25+01:00   9038f234566d3b06c9ebfa7b4a3be345
templates/customers/login.liquid:
  development: 2017-11-20T11:33:25+01:00   bbeaa20bca9f3723641e3e3c4c0a1b03
templates/customers/order.liquid:
  development: 2017-11-20T11:33:25+01:00   460222068e60817839cccc2ddbfa23ae
templates/customers/register.liquid:
  development: 2017-11-20T11:33:25+01:00   c80b7f90414a7a45b144a8bce20a7f63
templates/customers/reset_password.liquid:
  development: 2017-11-20T11:33:25+01:00   80370572b9f3596af6e5f73ed945da94
templates/gift_card.liquid:
  development: 2017-11-20T11:33:25+01:00   a647555166e91694ad664b8bdb465059
templates/index.liquid:
  development: 2017-11-20T11:33:25+01:00   034564da719f1f503f71c6638210c15a
templates/list-collections.liquid:
  development: 2017-11-20T11:33:25+01:00   4e3c04f9ecb493fa73eda27eeaa27afc
templates/page.contact.liquid:
  development: 2017-11-20T11:33:25+01:00   cf0046786820bc36e265b58f720c4d4b
templates/page.custom1.liquid:
  development: 2017-11-20T11:33:25+01:00   1fdca98299b119c72e29b1a6209d685e
templates/page.custom2.liquid:
  development: 2017-11-20T11:33:25+01:00   9a04bdf6c1b57ed385c9b96a26893a9b
templates/page.custom3.liquid:
  development: 2017-11-20T11:33:25+01:00   3802f6a5fc748b2ce0d35077ce7ea772
templates/page.custom4.liquid:
  development: 2017-11-20T11:33:25+01:00   acac9c8fd3291376108d994c44d42dc2
templates/page.custom5.liquid:
  development: 2017-11-20T11:33:25+01:00   c1742b0372dad976c65a0726af328db9
templates/page.faqs.liquid:
  development: 2017-11-20T11:33:25+01:00   852d60b02e6580005be91ab86dc76a09
templates/page.liquid:
  development: 2017-11-20T11:33:25+01:00   b302088820f4c264b2906295ddddb108
templates/page.narrow.liquid:
  development: 2017-11-20T11:33:25+01:00   ff988aa153b1c7ff083b167f146762de
templates/page.sidebar.liquid:
  development: 2017-11-20T11:33:25+01:00   7f2d51b8cdad06f8685a6fc694f60101
templates/password.liquid:
  development: 2017-11-20T11:33:25+01:00   27c20529a5fa11780bc067f4f5c7cc9d
templates/product.liquid:
  development: 2017-11-29T05:33:21+01:00   df3e060a7693b029b3468d67e4193db4
templates/search.liquid:
  development: 2017-11-29T05:33:24+01:00   4d46135fe5fbd48cec2b5784a5bee93c
